<Solution>
  <Folder Name="/src/">
    <Project Path="src/PasswordManager.Core/PasswordManager.Core.csproj" />
    <Project Path="src/PasswordManager.Infrastructure/PasswordManager.Infrastructure.csproj" />
  </Folder>
  <Folder Name="/tests/">
    <Project Path="tests/PasswordManager.Infrastructure.Validation/PasswordManager.Infrastructure.Validation.csproj" />
  </Folder>
</Solution>
